
Microsoft Visual Studio Solution File, Format Version 12.00
# Visual Studio Version 17
VisualStudioVersion = 17.12.35514.174
MinimumVisualStudioVersion = 10.0.40219.1
Project("{FAE04EC0-301F-11D3-BF4B-00C04F79EFBC}") = "Stalker2PakCfgMergeTool", "Stalker2PakCfgMergeTool\Stalker2PakCfgMergeTool.csproj", "{81F23B20-5713-4142-8570-9B8982A48979}"
EndProject
Project("{2150E333-8FDC-42A3-9474-1A3956D46DE8}") = "NetPak", "NetPak", "{07FBEB27-AA9D-4BEA-ACF9-8E97A32EC871}"
EndProject
Project("{FAE04EC0-301F-11D3-BF4B-00C04F79EFBC}") = "NetPak", "NetPak\NetPak\NetPak.csproj", "{4814C144-B0CE-4BE2-BA08-443417E44DA0}"
EndProject
Project("{FAE04EC0-301F-11D3-BF4B-00C04F79EFBC}") = "EpicGames.Oodle", "NetPak\EpicGames.Oodle\EpicGames.Oodle.csproj", "{E4E45FC7-A6A5-4CEB-B8D4-F4B00D3781F6}"
EndProject
Global
	GlobalSection(SolutionConfigurationPlatforms) = preSolution
		Debug|Any CPU = Debug|Any CPU
		Debug|x64 = Debug|x64
		Debug|x86 = Debug|x86
		Release|Any CPU = Release|Any CPU
		Release|x64 = Release|x64
		Release|x86 = Release|x86
	EndGlobalSection
	GlobalSection(ProjectConfigurationPlatforms) = postSolution
		{81F23B20-5713-4142-8570-9B8982A48979}.Debug|Any CPU.ActiveCfg = Debug|Any CPU
		{81F23B20-5713-4142-8570-9B8982A48979}.Debug|Any CPU.Build.0 = Debug|Any CPU
		{81F23B20-5713-4142-8570-9B8982A48979}.Debug|x64.ActiveCfg = Debug|Any CPU
		{81F23B20-5713-4142-8570-9B8982A48979}.Debug|x64.Build.0 = Debug|Any CPU
		{81F23B20-5713-4142-8570-9B8982A48979}.Debug|x86.ActiveCfg = Debug|Any CPU
		{81F23B20-5713-4142-8570-9B8982A48979}.Debug|x86.Build.0 = Debug|Any CPU
		{81F23B20-5713-4142-8570-9B8982A48979}.Release|Any CPU.ActiveCfg = Release|Any CPU
		{81F23B20-5713-4142-8570-9B8982A48979}.Release|Any CPU.Build.0 = Release|Any CPU
		{81F23B20-5713-4142-8570-9B8982A48979}.Release|x64.ActiveCfg = Release|Any CPU
		{81F23B20-5713-4142-8570-9B8982A48979}.Release|x64.Build.0 = Release|Any CPU
		{81F23B20-5713-4142-8570-9B8982A48979}.Release|x86.ActiveCfg = Release|Any CPU
		{81F23B20-5713-4142-8570-9B8982A48979}.Release|x86.Build.0 = Release|Any CPU
		{4814C144-B0CE-4BE2-BA08-443417E44DA0}.Debug|Any CPU.ActiveCfg = Debug|x64
		{4814C144-B0CE-4BE2-BA08-443417E44DA0}.Debug|Any CPU.Build.0 = Debug|x64
		{4814C144-B0CE-4BE2-BA08-443417E44DA0}.Debug|x64.ActiveCfg = Debug|x64
		{4814C144-B0CE-4BE2-BA08-443417E44DA0}.Debug|x64.Build.0 = Debug|x64
		{4814C144-B0CE-4BE2-BA08-443417E44DA0}.Debug|x86.ActiveCfg = Debug|x64
		{4814C144-B0CE-4BE2-BA08-443417E44DA0}.Debug|x86.Build.0 = Debug|x64
		{4814C144-B0CE-4BE2-BA08-443417E44DA0}.Release|Any CPU.ActiveCfg = Release|x64
		{4814C144-B0CE-4BE2-BA08-443417E44DA0}.Release|Any CPU.Build.0 = Release|x64
		{4814C144-B0CE-4BE2-BA08-443417E44DA0}.Release|x64.ActiveCfg = Release|x64
		{4814C144-B0CE-4BE2-BA08-443417E44DA0}.Release|x64.Build.0 = Release|x64
		{4814C144-B0CE-4BE2-BA08-443417E44DA0}.Release|x86.ActiveCfg = Release|x64
		{4814C144-B0CE-4BE2-BA08-443417E44DA0}.Release|x86.Build.0 = Release|x64
		{E4E45FC7-A6A5-4CEB-B8D4-F4B00D3781F6}.Debug|Any CPU.ActiveCfg = Debug|Any CPU
		{E4E45FC7-A6A5-4CEB-B8D4-F4B00D3781F6}.Debug|Any CPU.Build.0 = Debug|Any CPU
		{E4E45FC7-A6A5-4CEB-B8D4-F4B00D3781F6}.Debug|x64.ActiveCfg = Debug|Any CPU
		{E4E45FC7-A6A5-4CEB-B8D4-F4B00D3781F6}.Debug|x64.Build.0 = Debug|Any CPU
		{E4E45FC7-A6A5-4CEB-B8D4-F4B00D3781F6}.Debug|x86.ActiveCfg = Debug|Any CPU
		{E4E45FC7-A6A5-4CEB-B8D4-F4B00D3781F6}.Debug|x86.Build.0 = Debug|Any CPU
		{E4E45FC7-A6A5-4CEB-B8D4-F4B00D3781F6}.Release|Any CPU.ActiveCfg = Release|Any CPU
		{E4E45FC7-A6A5-4CEB-B8D4-F4B00D3781F6}.Release|Any CPU.Build.0 = Release|Any CPU
		{E4E45FC7-A6A5-4CEB-B8D4-F4B00D3781F6}.Release|x64.ActiveCfg = Release|Any CPU
		{E4E45FC7-A6A5-4CEB-B8D4-F4B00D3781F6}.Release|x64.Build.0 = Release|Any CPU
		{E4E45FC7-A6A5-4CEB-B8D4-F4B00D3781F6}.Release|x86.ActiveCfg = Release|Any CPU
		{E4E45FC7-A6A5-4CEB-B8D4-F4B00D3781F6}.Release|x86.Build.0 = Release|Any CPU
	EndGlobalSection
	GlobalSection(SolutionProperties) = preSolution
		HideSolutionNode = FALSE
	EndGlobalSection
	GlobalSection(NestedProjects) = preSolution
		{4814C144-B0CE-4BE2-BA08-443417E44DA0} = {07FBEB27-AA9D-4BEA-ACF9-8E97A32EC871}
		{E4E45FC7-A6A5-4CEB-B8D4-F4B00D3781F6} = {07FBEB27-AA9D-4BEA-ACF9-8E97A32EC871}
	EndGlobalSection
EndGlobal
